dependencies:
- name: redis
  repository: https://kubernetes-charts.storage.googleapis.com/
  version: 8.1.0
- name: elasticsearch
  repository: https://helm.elastic.co
  version: 7.2.0
digest: sha256:6d15c8148155a8933369775150cabcf202e0df1b3eacb0853f9fd403e1c2e4fb
generated: 2019-07-11T11:13:20.353159-04:00
